
Microsoft Visual Studio Solution File, Format Version 12.00
# Visual Studio 14
VisualStudioVersion = 14.0.25420.1
MinimumVisualStudioVersion = 10.0.40219.1
Project("{FAE04EC0-301F-11D3-BF4B-00C04F79EFBC}") = "App1", "App1\App1\App1.csproj", "{3252EB35-0FEF-41FD-A371-6752FB7A539E}"
EndProject
Project("{FAE04EC0-301F-11D3-BF4B-00C04F79EFBC}") = "App1.WinPhone", "App1\App1.WinPhone\App1.WinPhone.csproj", "{D9FCB5FC-F6B2-4EF6-A403-BEDA3DE5B966}"
EndProject
Project("{FAE04EC0-301F-11D3-BF4B-00C04F79EFBC}") = "App1.Windows", "App1\App1.Windows\App1.Windows.csproj", "{DC99F11E-9B9E-4363-A1D9-78D779097CDA}"
EndProject
Global
	GlobalSection(SolutionConfigurationPlatforms) = preSolution
		Debug|Any CPU = Debug|Any CPU
		Debug|ARM = Debug|ARM
		Debug|x64 = Debug|x64
		Debug|x86 = Debug|x86
		Release|Any CPU = Release|Any CPU
		Release|ARM = Release|ARM
		Release|x64 = Release|x64
		Release|x86 = Release|x86
	EndGlobalSection
	GlobalSection(ProjectConfigurationPlatforms) = postSolution
		{3252EB35-0FEF-41FD-A371-6752FB7A539E}.Debug|Any CPU.ActiveCfg = Debug|Any CPU
		{3252EB35-0FEF-41FD-A371-6752FB7A539E}.Debug|Any CPU.Build.0 = Debug|Any CPU
		{3252EB35-0FEF-41FD-A371-6752FB7A539E}.Debug|ARM.ActiveCfg = Debug|Any CPU
		{3252EB35-0FEF-41FD-A371-6752FB7A539E}.Debug|ARM.Build.0 = Debug|Any CPU
		{3252EB35-0FEF-41FD-A371-6752FB7A539E}.Debug|x64.ActiveCfg = Debug|Any CPU
		{3252EB35-0FEF-41FD-A371-6752FB7A539E}.Debug|x64.Build.0 = Debug|Any CPU
		{3252EB35-0FEF-41FD-A371-6752FB7A539E}.Debug|x86.ActiveCfg = Debug|Any CPU
		{3252EB35-0FEF-41FD-A371-6752FB7A539E}.Debug|x86.Build.0 = Debug|Any CPU
		{3252EB35-0FEF-41FD-A371-6752FB7A539E}.Release|Any CPU.ActiveCfg = Release|Any CPU
		{3252EB35-0FEF-41FD-A371-6752FB7A539E}.Release|Any CPU.Build.0 = Release|Any CPU
		{3252EB35-0FEF-41FD-A371-6752FB7A539E}.Release|ARM.ActiveCfg = Release|Any CPU
		{3252EB35-0FEF-41FD-A371-6752FB7A539E}.Release|ARM.Build.0 = Release|Any CPU
		{3252EB35-0FEF-41FD-A371-6752FB7A539E}.Release|x64.ActiveCfg = Release|Any CPU
		{3252EB35-0FEF-41FD-A371-6752FB7A539E}.Release|x64.Build.0 = Release|Any CPU
		{3252EB35-0FEF-41FD-A371-6752FB7A539E}.Release|x86.ActiveCfg = Release|Any CPU
		{3252EB35-0FEF-41FD-A371-6752FB7A539E}.Release|x86.Build.0 = Release|Any CPU
		{D9FCB5FC-F6B2-4EF6-A403-BEDA3DE5B966}.Debug|Any CPU.ActiveCfg = Debug|Any CPU
		{D9FCB5FC-F6B2-4EF6-A403-BEDA3DE5B966}.Debug|Any CPU.Build.0 = Debug|Any CPU
		{D9FCB5FC-F6B2-4EF6-A403-BEDA3DE5B966}.Debug|Any CPU.Deploy.0 = Debug|Any CPU
		{D9FCB5FC-F6B2-4EF6-A403-BEDA3DE5B966}.Debug|ARM.ActiveCfg = Debug|ARM
		{D9FCB5FC-F6B2-4EF6-A403-BEDA3DE5B966}.Debug|ARM.Build.0 = Debug|ARM
		{D9FCB5FC-F6B2-4EF6-A403-BEDA3DE5B966}.Debug|ARM.Deploy.0 = Debug|ARM
		{D9FCB5FC-F6B2-4EF6-A403-BEDA3DE5B966}.Debug|x64.ActiveCfg = Debug|Any CPU
		{D9FCB5FC-F6B2-4EF6-A403-BEDA3DE5B966}.Debug|x64.Build.0 = Debug|Any CPU
		{D9FCB5FC-F6B2-4EF6-A403-BEDA3DE5B966}.Debug|x64.Deploy.0 = Debug|Any CPU
		{D9FCB5FC-F6B2-4EF6-A403-BEDA3DE5B966}.Debug|x86.ActiveCfg = Debug|x86
		{D9FCB5FC-F6B2-4EF6-A403-BEDA3DE5B966}.Debug|x86.Build.0 = Debug|x86
		{D9FCB5FC-F6B2-4EF6-A403-BEDA3DE5B966}.Debug|x86.Deploy.0 = Debug|x86
		{D9FCB5FC-F6B2-4EF6-A403-BEDA3DE5B966}.Release|Any CPU.ActiveCfg = Release|Any CPU
		{D9FCB5FC-F6B2-4EF6-A403-BEDA3DE5B966}.Release|Any CPU.Build.0 = Release|Any CPU
		{D9FCB5FC-F6B2-4EF6-A403-BEDA3DE5B966}.Release|Any CPU.Deploy.0 = Release|Any CPU
		{D9FCB5FC-F6B2-4EF6-A403-BEDA3DE5B966}.Release|ARM.ActiveCfg = Release|ARM
		{D9FCB5FC-F6B2-4EF6-A403-BEDA3DE5B966}.Release|ARM.Build.0 = Release|ARM
		{D9FCB5FC-F6B2-4EF6-A403-BEDA3DE5B966}.Release|ARM.Deploy.0 = Release|ARM
		{D9FCB5FC-F6B2-4EF6-A403-BEDA3DE5B966}.Release|x64.ActiveCfg = Release|Any CPU
		{D9FCB5FC-F6B2-4EF6-A403-BEDA3DE5B966}.Release|x64.Build.0 = Release|Any CPU
		{D9FCB5FC-F6B2-4EF6-A403-BEDA3DE5B966}.Release|x64.Deploy.0 = Release|Any CPU
		{D9FCB5FC-F6B2-4EF6-A403-BEDA3DE5B966}.Release|x86.ActiveCfg = Release|x86
		{D9FCB5FC-F6B2-4EF6-A403-BEDA3DE5B966}.Release|x86.Build.0 = Release|x86
		{D9FCB5FC-F6B2-4EF6-A403-BEDA3DE5B966}.Release|x86.Deploy.0 = Release|x86
		{DC99F11E-9B9E-4363-A1D9-78D779097CDA}.Debug|Any CPU.ActiveCfg = Debug|Any CPU
		{DC99F11E-9B9E-4363-A1D9-78D779097CDA}.Debug|Any CPU.Build.0 = Debug|Any CPU
		{DC99F11E-9B9E-4363-A1D9-78D779097CDA}.Debug|Any CPU.Deploy.0 = Debug|Any CPU
		{DC99F11E-9B9E-4363-A1D9-78D779097CDA}.Debug|ARM.ActiveCfg = Debug|ARM
		{DC99F11E-9B9E-4363-A1D9-78D779097CDA}.Debug|ARM.Build.0 = Debug|ARM
		{DC99F11E-9B9E-4363-A1D9-78D779097CDA}.Debug|ARM.Deploy.0 = Debug|ARM
		{DC99F11E-9B9E-4363-A1D9-78D779097CDA}.Debug|x64.ActiveCfg = Debug|x64
		{DC99F11E-9B9E-4363-A1D9-78D779097CDA}.Debug|x64.Build.0 = Debug|x64
		{DC99F11E-9B9E-4363-A1D9-78D779097CDA}.Debug|x64.Deploy.0 = Debug|x64
		{DC99F11E-9B9E-4363-A1D9-78D779097CDA}.Debug|x86.ActiveCfg = Debug|x86
		{DC99F11E-9B9E-4363-A1D9-78D779097CDA}.Debug|x86.Build.0 = Debug|x86
		{DC99F11E-9B9E-4363-A1D9-78D779097CDA}.Debug|x86.Deploy.0 = Debug|x86
		{DC99F11E-9B9E-4363-A1D9-78D779097CDA}.Release|Any CPU.ActiveCfg = Release|Any CPU
		{DC99F11E-9B9E-4363-A1D9-78D779097CDA}.Release|Any CPU.Build.0 = Release|Any CPU
		{DC99F11E-9B9E-4363-A1D9-78D779097CDA}.Release|Any CPU.Deploy.0 = Release|Any CPU
		{DC99F11E-9B9E-4363-A1D9-78D779097CDA}.Release|ARM.ActiveCfg = Release|ARM
		{DC99F11E-9B9E-4363-A1D9-78D779097CDA}.Release|ARM.Build.0 = Release|ARM
		{DC99F11E-9B9E-4363-A1D9-78D779097CDA}.Release|ARM.Deploy.0 = Release|ARM
		{DC99F11E-9B9E-4363-A1D9-78D779097CDA}.Release|x64.ActiveCfg = Release|x64
		{DC99F11E-9B9E-4363-A1D9-78D779097CDA}.Release|x64.Build.0 = Release|x64
		{DC99F11E-9B9E-4363-A1D9-78D779097CDA}.Release|x64.Deploy.0 = Release|x64
		{DC99F11E-9B9E-4363-A1D9-78D779097CDA}.Release|x86.ActiveCfg = Release|x86
		{DC99F11E-9B9E-4363-A1D9-78D779097CDA}.Release|x86.Build.0 = Release|x86
		{DC99F11E-9B9E-4363-A1D9-78D779097CDA}.Release|x86.Deploy.0 = Release|x86
	EndGlobalSection
	GlobalSection(SolutionProperties) = preSolution
		HideSolutionNode = FALSE
	EndGlobalSection
EndGlobal
